
Microsoft Visual Studio Solution File, Format Version 12.00
# Visual Studio Version 17
VisualStudioVersion = 17.4.33213.308
MinimumVisualStudioVersion = 10.0.40219.1
Project("{FAE04EC0-301F-11D3-BF4B-00C04F79EFBC}") = "BigBoxProfile", "BigBoxProfile\BigBoxProfile.csproj", "{E11EE0B8-EFB4-47E2-B317-6EDFA37CB6A7}"
EndProject
Project("{54435603-DBB4-11D2-8724-00A0C9A8B90C}") = "BigBoxProfile Installer", "BigBoxProfile Installer\BigBoxProfile Installer.vdproj", "{FFEED127-9F01-4152-BD75-2CD68772F351}"
EndProject
Project("{FAE04EC0-301F-11D3-BF4B-00C04F79EFBC}") = "InstallerLib", "InstallerLib\InstallerLib.csproj", "{31308686-94E8-468A-AD2A-4C93AA8AEC44}"
EndProject
Project("{FAE04EC0-301F-11D3-BF4B-00C04F79EFBC}") = "TaskRegForRunAsAdmin", "TaskRegForRunAsAdmin\TaskRegForRunAsAdmin.csproj", "{AC467344-10C8-4C4B-9C36-9984A4C356C2}"
EndProject
Project("{FAE04EC0-301F-11D3-BF4B-00C04F79EFBC}") = "RamDiskManager", "RamDiskManager\RamDiskManager.csproj", "{D2C76498-A6AE-4641-AAC9-FA3C1205092D}"
EndProject
Project("{9A19103F-16F7-4668-BE54-9A1E7A4F7556}") = "DualShock4Lib", "DualShock4Lib\DualShock4Lib.csproj", "{38899EBA-3D60-4884-A426-280E6BE8E1FA}"
EndProject
Global
	GlobalSection(SolutionConfigurationPlatforms) = preSolution
		Debug|Any CPU = Debug|Any CPU
		Debug|x64 = Debug|x64
		Debug|x86 = Debug|x86
		Release|Any CPU = Release|Any CPU
		Release|x64 = Release|x64
		Release|x86 = Release|x86
	EndGlobalSection
	GlobalSection(ProjectConfigurationPlatforms) = postSolution
		{E11EE0B8-EFB4-47E2-B317-6EDFA37CB6A7}.Debug|Any CPU.ActiveCfg = Debug|Any CPU
		{E11EE0B8-EFB4-47E2-B317-6EDFA37CB6A7}.Debug|Any CPU.Build.0 = Debug|Any CPU
		{E11EE0B8-EFB4-47E2-B317-6EDFA37CB6A7}.Debug|x64.ActiveCfg = Debug|x64
		{E11EE0B8-EFB4-47E2-B317-6EDFA37CB6A7}.Debug|x64.Build.0 = Debug|x64
		{E11EE0B8-EFB4-47E2-B317-6EDFA37CB6A7}.Debug|x86.ActiveCfg = Debug|Any CPU
		{E11EE0B8-EFB4-47E2-B317-6EDFA37CB6A7}.Debug|x86.Build.0 = Debug|Any CPU
		{E11EE0B8-EFB4-47E2-B317-6EDFA37CB6A7}.Release|Any CPU.ActiveCfg = Release|Any CPU
		{E11EE0B8-EFB4-47E2-B317-6EDFA37CB6A7}.Release|Any CPU.Build.0 = Release|Any CPU
		{E11EE0B8-EFB4-47E2-B317-6EDFA37CB6A7}.Release|x64.ActiveCfg = Release|x64
		{E11EE0B8-EFB4-47E2-B317-6EDFA37CB6A7}.Release|x64.Build.0 = Release|x64
		{E11EE0B8-EFB4-47E2-B317-6EDFA37CB6A7}.Release|x86.ActiveCfg = Release|Any CPU
		{E11EE0B8-EFB4-47E2-B317-6EDFA37CB6A7}.Release|x86.Build.0 = Release|Any CPU
		{FFEED127-9F01-4152-BD75-2CD68772F351}.Debug|Any CPU.ActiveCfg = Debug
		{FFEED127-9F01-4152-BD75-2CD68772F351}.Debug|x64.ActiveCfg = Debug
		{FFEED127-9F01-4152-BD75-2CD68772F351}.Debug|x86.ActiveCfg = Debug
		{FFEED127-9F01-4152-BD75-2CD68772F351}.Release|Any CPU.ActiveCfg = Release
		{FFEED127-9F01-4152-BD75-2CD68772F351}.Release|x64.ActiveCfg = Release
		{FFEED127-9F01-4152-BD75-2CD68772F351}.Release|x64.Build.0 = Release
		{FFEED127-9F01-4152-BD75-2CD68772F351}.Release|x86.ActiveCfg = Release
		{31308686-94E8-468A-AD2A-4C93AA8AEC44}.Debug|Any CPU.ActiveCfg = Debug|Any CPU
		{31308686-94E8-468A-AD2A-4C93AA8AEC44}.Debug|Any CPU.Build.0 = Debug|Any CPU
		{31308686-94E8-468A-AD2A-4C93AA8AEC44}.Debug|x64.ActiveCfg = Debug|x64
		{31308686-94E8-468A-AD2A-4C93AA8AEC44}.Debug|x64.Build.0 = Debug|x64
		{31308686-94E8-468A-AD2A-4C93AA8AEC44}.Debug|x86.ActiveCfg = Debug|Any CPU
		{31308686-94E8-468A-AD2A-4C93AA8AEC44}.Debug|x86.Build.0 = Debug|Any CPU
		{31308686-94E8-468A-AD2A-4C93AA8AEC44}.Release|Any CPU.ActiveCfg = Release|Any CPU
		{31308686-94E8-468A-AD2A-4C93AA8AEC44}.Release|Any CPU.Build.0 = Release|Any CPU
		{31308686-94E8-468A-AD2A-4C93AA8AEC44}.Release|x64.ActiveCfg = Release|Any CPU
		{31308686-94E8-468A-AD2A-4C93AA8AEC44}.Release|x64.Build.0 = Release|Any CPU
		{31308686-94E8-468A-AD2A-4C93AA8AEC44}.Release|x86.ActiveCfg = Release|Any CPU
		{31308686-94E8-468A-AD2A-4C93AA8AEC44}.Release|x86.Build.0 = Release|Any CPU
		{AC467344-10C8-4C4B-9C36-9984A4C356C2}.Debug|Any CPU.ActiveCfg = Debug|Any CPU
		{AC467344-10C8-4C4B-9C36-9984A4C356C2}.Debug|Any CPU.Build.0 = Debug|Any CPU
		{AC467344-10C8-4C4B-9C36-9984A4C356C2}.Debug|x64.ActiveCfg = Debug|Any CPU
		{AC467344-10C8-4C4B-9C36-9984A4C356C2}.Debug|x64.Build.0 = Debug|Any CPU
		{AC467344-10C8-4C4B-9C36-9984A4C356C2}.Debug|x86.ActiveCfg = Debug|Any CPU
		{AC467344-10C8-4C4B-9C36-9984A4C356C2}.Debug|x86.Build.0 = Debug|Any CPU
		{AC467344-10C8-4C4B-9C36-9984A4C356C2}.Release|Any CPU.ActiveCfg = Release|Any CPU
		{AC467344-10C8-4C4B-9C36-9984A4C356C2}.Release|Any CPU.Build.0 = Release|Any CPU
		{AC467344-10C8-4C4B-9C36-9984A4C356C2}.Release|x64.ActiveCfg = Release|Any CPU
		{AC467344-10C8-4C4B-9C36-9984A4C356C2}.Release|x64.Build.0 = Release|Any CPU
		{AC467344-10C8-4C4B-9C36-9984A4C356C2}.Release|x86.ActiveCfg = Release|Any CPU
		{AC467344-10C8-4C4B-9C36-9984A4C356C2}.Release|x86.Build.0 = Release|Any CPU
		{D2C76498-A6AE-4641-AAC9-FA3C1205092D}.Debug|Any CPU.ActiveCfg = Debug|Any CPU
		{D2C76498-A6AE-4641-AAC9-FA3C1205092D}.Debug|Any CPU.Build.0 = Debug|Any CPU
		{D2C76498-A6AE-4641-AAC9-FA3C1205092D}.Debug|x64.ActiveCfg = Debug|Any CPU
		{D2C76498-A6AE-4641-AAC9-FA3C1205092D}.Debug|x64.Build.0 = Debug|Any CPU
		{D2C76498-A6AE-4641-AAC9-FA3C1205092D}.Debug|x86.ActiveCfg = Debug|Any CPU
		{D2C76498-A6AE-4641-AAC9-FA3C1205092D}.Debug|x86.Build.0 = Debug|Any CPU
		{D2C76498-A6AE-4641-AAC9-FA3C1205092D}.Release|Any CPU.ActiveCfg = Release|Any CPU
		{D2C76498-A6AE-4641-AAC9-FA3C1205092D}.Release|Any CPU.Build.0 = Release|Any CPU
		{D2C76498-A6AE-4641-AAC9-FA3C1205092D}.Release|x64.ActiveCfg = Release|Any CPU
		{D2C76498-A6AE-4641-AAC9-FA3C1205092D}.Release|x64.Build.0 = Release|Any CPU
		{D2C76498-A6AE-4641-AAC9-FA3C1205092D}.Release|x86.ActiveCfg = Release|Any CPU
		{D2C76498-A6AE-4641-AAC9-FA3C1205092D}.Release|x86.Build.0 = Release|Any CPU
		{38899EBA-3D60-4884-A426-280E6BE8E1FA}.Debug|Any CPU.ActiveCfg = Debug|Any CPU
		{38899EBA-3D60-4884-A426-280E6BE8E1FA}.Debug|Any CPU.Build.0 = Debug|Any CPU
		{38899EBA-3D60-4884-A426-280E6BE8E1FA}.Debug|x64.ActiveCfg = Debug|Any CPU
		{38899EBA-3D60-4884-A426-280E6BE8E1FA}.Debug|x64.Build.0 = Debug|Any CPU
		{38899EBA-3D60-4884-A426-280E6BE8E1FA}.Debug|x86.ActiveCfg = Debug|Any CPU
		{38899EBA-3D60-4884-A426-280E6BE8E1FA}.Debug|x86.Build.0 = Debug|Any CPU
		{38899EBA-3D60-4884-A426-280E6BE8E1FA}.Release|Any CPU.ActiveCfg = Release|Any CPU
		{38899EBA-3D60-4884-A426-280E6BE8E1FA}.Release|Any CPU.Build.0 = Release|Any CPU
		{38899EBA-3D60-4884-A426-280E6BE8E1FA}.Release|x64.ActiveCfg = Release|Any CPU
		{38899EBA-3D60-4884-A426-280E6BE8E1FA}.Release|x64.Build.0 = Release|Any CPU
		{38899EBA-3D60-4884-A426-280E6BE8E1FA}.Release|x86.ActiveCfg = Release|Any CPU
		{38899EBA-3D60-4884-A426-280E6BE8E1FA}.Release|x86.Build.0 = Release|Any CPU
	EndGlobalSection
	GlobalSection(SolutionProperties) = preSolution
		HideSolutionNode = FALSE
	EndGlobalSection
	GlobalSection(ExtensibilityGlobals) = postSolution
		SolutionGuid = {62D1F909-9E09-41FD-94FC-B2F4F454BC60}
	EndGlobalSection
EndGlobal
